
Microsoft Visual Studio Solution File, Format Version 12.00
# Visual Studio Version 17
VisualStudioVersion = 17.12.35707.178
MinimumVisualStudioVersion = 10.0.40219.1
Project("{8BC9CEB8-8B4A-11D0-8D11-00A0C91BC942}") = "Driver", "Driver\Driver.vcxproj", "{0A9160D2-B001-4F33-961E-D75A0794BBAD}"
EndProject
Global
	GlobalSection(SolutionConfigurationPlatforms) = preSolution
		KdMapper|ARM64 = KdMapper|ARM64
		KdMapper|x64 = KdMapper|x64
		NtLoadDriver|ARM64 = NtLoadDriver|ARM64
		NtLoadDriver|x64 = NtLoadDriver|x64
	EndGlobalSection
	GlobalSection(ProjectConfigurationPlatforms) = postSolution
		{0A9160D2-B001-4F33-961E-D75A0794BBAD}.KdMapper|ARM64.ActiveCfg = KdMapper|ARM64
		{0A9160D2-B001-4F33-961E-D75A0794BBAD}.KdMapper|ARM64.Build.0 = KdMapper|ARM64
		{0A9160D2-B001-4F33-961E-D75A0794BBAD}.KdMapper|ARM64.Deploy.0 = KdMapper|ARM64
		{0A9160D2-B001-4F33-961E-D75A0794BBAD}.KdMapper|x64.ActiveCfg = KdMapper|x64
		{0A9160D2-B001-4F33-961E-D75A0794BBAD}.KdMapper|x64.Build.0 = KdMapper|x64
		{0A9160D2-B001-4F33-961E-D75A0794BBAD}.KdMapper|x64.Deploy.0 = KdMapper|x64
		{0A9160D2-B001-4F33-961E-D75A0794BBAD}.NtLoadDriver|ARM64.ActiveCfg = NtLoadDriver|ARM64
		{0A9160D2-B001-4F33-961E-D75A0794BBAD}.NtLoadDriver|ARM64.Build.0 = NtLoadDriver|ARM64
		{0A9160D2-B001-4F33-961E-D75A0794BBAD}.NtLoadDriver|ARM64.Deploy.0 = NtLoadDriver|ARM64
		{0A9160D2-B001-4F33-961E-D75A0794BBAD}.NtLoadDriver|x64.ActiveCfg = NtLoadDriver|x64
		{0A9160D2-B001-4F33-961E-D75A0794BBAD}.NtLoadDriver|x64.Build.0 = NtLoadDriver|x64
		{0A9160D2-B001-4F33-961E-D75A0794BBAD}.NtLoadDriver|x64.Deploy.0 = NtLoadDriver|x64
	EndGlobalSection
	GlobalSection(SolutionProperties) = preSolution
		HideSolutionNode = FALSE
	EndGlobalSection
EndGlobal
